{
  "originHash" : "0a8fce6d3cd251ad12ea6d2f48f55bfdc4fa43f93e39dce01f4b2baa78e6feb8",
  "pins" : [
    {
      "identity" : "highlightr",
      "kind" : "remoteSourceControl",
      "location" : "https://github.com/raspu/Highlightr",
      "state" : {
        "revision" : "bcf2d0590f32ac2528feb72d7e34f5b463801a47",
        "version" : "2.2.1"
      }
    }
  ],
  "version" : 3
}
